// !$*UTF8*$!
{
	archiveVersion = 1;
	classes = {
	};
	objectVersion = 56;
	objects = {

/* Begin PBXBuildFile section */
		86E8D8742BED6DE00074F18E /* Sober_SinceApp.swift in Sources */ = {isa = PBXBuildFile; fileRef = 86E8D8732BED6DE00074F18E /* Sober_SinceApp.swift */; };
		86E8D8782BED6DE20074F18E /* Assets.xcassets in Resources */ = {isa = PBXBuildFile; fileRef = 86E8D8772BED6DE20074F18E /* Assets.xcassets */; };
		86E8D87C2BED6DE20074F18E /* Preview Assets.xcassets in Resources */ = {isa = PBXBuildFile; fileRef = 86E8D87B2BED6DE20074F18E /* Preview Assets.xcassets */; };
		86E8D8862BED6DE20074F18E /* Sober_SinceTests.swift in Sources */ = {isa = PBXBuildFile; fileRef = 86E8D8852BED6DE20074F18E /* Sober_SinceTests.swift */; };
		86E8D8902BED6DE20074F18E /* Sober_SinceUITests.swift in Sources */ = {isa = PBXBuildFile; fileRef = 86E8D88F2BED6DE20074F18E /* Sober_SinceUITests.swift */; };
		86E8D8922BED6DE20074F18E /* Sober_SinceUITestsLaunchTests.swift in Sources */ = {isa = PBXBuildFile; fileRef = 86E8D8912BED6DE20074F18E /* Sober_SinceUITestsLaunchTests.swift */; };
		86E8D89F2BED73760074F18E /* .gitignore in Resources */ = {isa = PBXBuildFile; fileRef = 86E8D89E2BED73760074F18E /* .gitignore */; };
/* End PBXBuildFile section */

/* Begin PBXContainerItemProxy section */
		86E8D8822BED6DE20074F18E /* PBXContainerItemProxy */ = {
			isa = PBXContainerItemProxy;
			containerPortal = 86E8D8682BED6DE00074F18E /* Project object */;
			proxyType = 1;
			remoteGlobalIDString = 86E8D86F2BED6DE00074F18E;
			remoteInfo = "Sober Since";
		};
		86E8D88C2BED6DE20074F18E /* PBXContainerItemProxy */ = {
			isa = PBXContainerItemProxy;
			containerPortal = 86E8D8682BED6DE00074F18E /* Project object */;
			proxyType = 1;
			remoteGlobalIDString = 86E8D86F2BED6DE00074F18E;
			remoteInfo = "Sober Since";
		};
/* End PBXContainerItemProxy section */

/* Begin PBXFileReference section */
		86E8D8702BED6DE00074F18E /* Sober Since.app */ = {isa = PBXFileReference; explicitFileType = wrapper.application; includeInIndex = 0; path = "Sober Since.app"; sourceTree = BUILT_PRODUCTS_DIR; };
		86E8D8732BED6DE00074F18E /* Sober_SinceApp.swift */ = {isa = PBXFileReference; lastKnownFileType = sourcecode.swift; path = Sober_SinceApp.swift; sourceTree = "<group>"; };
		86E8D8772BED6DE20074F18E /* Assets.xcassets */ = {isa = PBXFileReference; lastKnownFileType = folder.assetcatalog; path = Assets.xcassets; sourceTree = "<group>"; };
		86E8D8792BED6DE20074F18E /* Sober_Since.entitlements */ = {isa = PBXFileReference; lastKnownFileType = text.plist.entitlements; path = Sober_Since.entitlements; sourceTree = "<group>"; };
		86E8D87B2BED6DE20074F18E /* Preview Assets.xcassets */ = {isa = PBXFileReference; lastKnownFileType = folder.assetcatalog; path = "Preview Assets.xcassets"; sourceTree = "<group>"; };
		86E8D8812BED6DE20074F18E /* Sober SinceTests.xctest */ = {isa = PBXFileReference; explicitFileType = wrapper.cfbundle; includeInIndex = 0; path = "Sober SinceTests.xctest"; sourceTree = BUILT_PRODUCTS_DIR; };
		86E8D8852BED6DE20074F18E /* Sober_SinceTests.swift */ = {isa = PBXFileReference; lastKnownFileType = sourcecode.swift; path = Sober_SinceTests.swift; sourceTree = "<group>"; };
		86E8D88B2BED6DE20074F18E /* Sober SinceUITests.xctest */ = {isa = PBXFileReference; explicitFileType = wrapper.cfbundle; includeInIndex = 0; path = "Sober SinceUITests.xctest"; sourceTree = BUILT_PRODUCTS_DIR; };
		86E8D88F2BED6DE20074F18E /* Sober_SinceUITests.swift */ = {isa = PBXFileReference; lastKnownFileType = sourcecode.swift; path = Sober_SinceUITests.swift; sourceTree = "<group>"; };
		86E8D8912BED6DE20074F18E /* Sober_SinceUITestsLaunchTests.swift */ = {isa = PBXFileReference; lastKnownFileType = sourcecode.swift; path = Sober_SinceUITestsLaunchTests.swift; sourceTree = "<group>"; };
		86E8D89E2BED73760074F18E /* .gitignore */ = {isa = PBXFileReference; lastKnownFileType = text; path = .gitignore; sourceTree = "<group>"; };
/* End PBXFileReference section */

/* Begin PBXFrameworksBuildPhase section */
		86E8D86D2BED6DE00074F18E /* Frameworks */ = {
			isa = PBXFrameworksBuildPhase;
			buildActionMask = 2147483647;
			files = (
			);
			runOnlyForDeploymentPostprocessing = 0;
		};
		86E8D87E2BED6DE20074F18E /* Frameworks */ = {
			isa = PBXFrameworksBuildPhase;
			buildActionMask = 2147483647;
			files = (
			);
			runOnlyForDeploymentPostprocessing = 0;
		};
		86E8D8882BED6DE20074F18E /* Frameworks */ = {
			isa = PBXFrameworksBuildPhase;
			buildActionMask = 2147483647;
			files = (
			);
			runOnlyForDeploymentPostprocessing = 0;
		};
/* End PBXFrameworksBuildPhase section */

/* Begin PBXGroup section */
		86E8D8672BED6DE00074F18E = {
			isa = PBXGroup;
			children = (
				86E8D89E2BED73760074F18E /* .gitignore */,
				86E8D8722BED6DE00074F18E /* Sober Since */,
				86E8D8842BED6DE20074F18E /* Sober SinceTests */,
				86E8D88E2BED6DE20074F18E /* Sober SinceUITests */,
				86E8D8712BED6DE00074F18E /* Products */,
			);
			sourceTree = "<group>";
		};
		86E8D8712BED6DE00074F18E /* Products */ = {
			isa = PBXGroup;
			children = (
				86E8D8702BED6DE00074F18E /* Sober Since.app */,
				86E8D8812BED6DE20074F18E /* Sober SinceTests.xctest */,
				86E8D88B2BED6DE20074F18E /* Sober SinceUITests.xctest */,
			);
			name = Products;
			sourceTree = "<group>";
		};
		86E8D8722BED6DE00074F18E /* Sober Since */ = {
			isa = PBXGroup;
			children = (
				86E8D8732BED6DE00074F18E /* Sober_SinceApp.swift */,
				86E8D8772BED6DE20074F18E /* Assets.xcassets */,
				86E8D8792BED6DE20074F18E /* Sober_Since.entitlements */,
				86E8D87A2BED6DE20074F18E /* Preview Content */,
			);
			path = "Sober Since";
			sourceTree = "<group>";
		};
		86E8D87A2BED6DE20074F18E /* Preview Content */ = {
			isa = PBXGroup;
			children = (
				86E8D87B2BED6DE20074F18E /* Preview Assets.xcassets */,
			);
			path = "Preview Content";
			sourceTree = "<group>";
		};
		86E8D8842BED6DE20074F18E /* Sober SinceTests */ = {
			isa = PBXGroup;
			children = (
				86E8D8852BED6DE20074F18E /* Sober_SinceTests.swift */,
			);
			path = "Sober SinceTests";
			sourceTree = "<group>";
		};
		86E8D88E2BED6DE20074F18E /* Sober SinceUITests */ = {
			isa = PBXGroup;
			children = (
				86E8D88F2BED6DE20074F18E /* Sober_SinceUITests.swift */,
				86E8D8912BED6DE20074F18E /* Sober_SinceUITestsLaunchTests.swift */,
			);
			path = "Sober SinceUITests";
			sourceTree = "<group>";
		};
/* End PBXGroup section */

/* Begin PBXNativeTarget section */
		86E8D86F2BED6DE00074F18E /* Sober Since */ = {
			isa = PBXNativeTarget;
			buildConfigurationList = 86E8D8952BED6DE20074F18E /* Build configuration list for PBXNativeTarget "Sober Since" */;
			buildPhases = (
				86E8D86C2BED6DE00074F18E /* Sources */,
				86E8D86D2BED6DE00074F18E /* Frameworks */,
				86E8D86E2BED6DE00074F18E /* Resources */,
			);
			buildRules = (
			);
			dependencies = (
			);
			name = "Sober Since";
			productName = "Sober Since";
			productReference = 86E8D8702BED6DE00074F18E /* Sober Since.app */;
			productType = "com.apple.product-type.application";
		};
		86E8D8802BED6DE20074F18E /* Sober SinceTests */ = {
			isa = PBXNativeTarget;
			buildConfigurationList = 86E8D8982BED6DE20074F18E /* Build configuration list for PBXNativeTarget "Sober SinceTests" */;
			buildPhases = (
				86E8D87D2BED6DE20074F18E /* Sources */,
				86E8D87E2BED6DE20074F18E /* Frameworks */,
				86E8D87F2BED6DE20074F18E /* Resources */,
			);
			buildRules = (
			);
			dependencies = (
				86E8D8832BED6DE20074F18E /* PBXTargetDependency */,
			);
			name = "Sober SinceTests";
			productName = "Sober SinceTests";
			productReference = 86E8D8812BED6DE20074F18E /* Sober SinceTests.xctest */;
			productType = "com.apple.product-type.bundle.unit-test";
		};
		86E8D88A2BED6DE20074F18E /* Sober SinceUITests */ = {
			isa = PBXNativeTarget;
			buildConfigurationList = 86E8D89B2BED6DE20074F18E /* Build configuration list for PBXNativeTarget "Sober SinceUITests" */;
			buildPhases = (
				86E8D8872BED6DE20074F18E /* Sources */,
				86E8D8882BED6DE20074F18E /* Frameworks */,
				86E8D8892BED6DE20074F18E /* Resources */,
			);
			buildRules = (
			);
			dependencies = (
				86E8D88D2BED6DE20074F18E /* PBXTargetDependency */,
			);
			name = "Sober SinceUITests";
			productName = "Sober SinceUITests";
			productReference = 86E8D88B2BED6DE20074F18E /* Sober SinceUITests.xctest */;
			productType = "com.apple.product-type.bundle.ui-testing";
		};
/* End PBXNativeTarget section */

/* Begin PBXProject section */
		86E8D8682BED6DE00074F18E /* Project object */ = {
			isa = PBXProject;
			attributes = {
				BuildIndependentTargetsInParallel = 1;
				LastSwiftUpdateCheck = 1430;
				LastUpgradeCheck = 1430;
				TargetAttributes = {
					86E8D86F2BED6DE00074F18E = {
						CreatedOnToolsVersion = 14.3.1;
					};
					86E8D8802BED6DE20074F18E = {
						CreatedOnToolsVersion = 14.3.1;
						TestTargetID = 86E8D86F2BED6DE00074F18E;
					};
					86E8D88A2BED6DE20074F18E = {
						CreatedOnToolsVersion = 14.3.1;
						TestTargetID = 86E8D86F2BED6DE00074F18E;
					};
				};
			};
			buildConfigurationList = 86E8D86B2BED6DE00074F18E /* Build configuration list for PBXProject "Sober Since" */;
			compatibilityVersion = "Xcode 14.0";
			developmentRegion = en;
			hasScannedForEncodings = 0;
			knownRegions = (
				en,
				Base,
			);
			mainGroup = 86E8D8672BED6DE00074F18E;
			productRefGroup = 86E8D8712BED6DE00074F18E /* Products */;
			projectDirPath = "";
			projectRoot = "";
			targets = (
				86E8D86F2BED6DE00074F18E /* Sober Since */,
				86E8D8802BED6DE20074F18E /* Sober SinceTests */,
				86E8D88A2BED6DE20074F18E /* Sober SinceUITests */,
			);
		};
/* End PBXProject section */

/* Begin PBXResourcesBuildPhase section */
		86E8D86E2BED6DE00074F18E /* Resources */ = {
			isa = PBXResourcesBuildPhase;
			buildActionMask = 2147483647;
			files = (
				86E8D87C2BED6DE20074F18E /* Preview Assets.xcassets in Resources */,
				86E8D89F2BED73760074F18E /* .gitignore in Resources */,
				86E8D8782BED6DE20074F18E /* Assets.xcassets in Resources */,
			);
			runOnlyForDeploymentPostprocessing = 0;
		};
		86E8D87F2BED6DE20074F18E /* Resources */ = {
			isa = PBXResourcesBuildPhase;
			buildActionMask = 2147483647;
			files = (
			);
			runOnlyForDeploymentPostprocessing = 0;
		};
		86E8D8892BED6DE20074F18E /* Resources */ = {
			isa = PBXResourcesBuildPhase;
			buildActionMask = 2147483647;
			files = (
			);
			runOnlyForDeploymentPostprocessing = 0;
		};
/* End PBXResourcesBuildPhase section */

/* Begin PBXSourcesBuildPhase section */
		86E8D86C2BED6DE00074F18E /* Sources */ = {
			isa = PBXSourcesBuildPhase;
			buildActionMask = 2147483647;
			files = (
				86E8D8742BED6DE00074F18E /* Sober_SinceApp.swift in Sources */,
			);
			runOnlyForDeploymentPostprocessing = 0;
		};
		86E8D87D2BED6DE20074F18E /* Sources */ = {
			isa = PBXSourcesBuildPhase;
			buildActionMask = 2147483647;
			files = (
				86E8D8862BED6DE20074F18E /* Sober_SinceTests.swift in Sources */,
			);
			runOnlyForDeploymentPostprocessing = 0;
		};
		86E8D8872BED6DE20074F18E /* Sources */ = {
			isa = PBXSourcesBuildPhase;
			buildActionMask = 2147483647;
			files = (
				86E8D8902BED6DE20074F18E /* Sober_SinceUITests.swift in Sources */,
				86E8D8922BED6DE20074F18E /* Sober_SinceUITestsLaunchTests.swift in Sources */,
			);
			runOnlyForDeploymentPostprocessing = 0;
		};
/* End PBXSourcesBuildPhase section */

/* Begin PBXTargetDependency section */
		86E8D8832BED6DE20074F18E /* PBXTargetDependency */ = {
			isa = PBXTargetDependency;
			target = 86E8D86F2BED6DE00074F18E /* Sober Since */;
			targetProxy = 86E8D8822BED6DE20074F18E /* PBXContainerItemProxy */;
		};
		86E8D88D2BED6DE20074F18E /* PBXTargetDependency */ = {
			isa = PBXTargetDependency;
			target = 86E8D86F2BED6DE00074F18E /* Sober Since */;
			targetProxy = 86E8D88C2BED6DE20074F18E /* PBXContainerItemProxy */;
		};
/* End PBXTargetDependency section */

/* Begin XCBuildConfiguration section */
		86E8D8932BED6DE20074F18E /* Debug */ = {
			isa = XCBuildConfiguration;
			buildSettings = {
				ALWAYS_SEARCH_USER_PATHS = NO;
				CLANG_ANALYZER_NONNULL = YES;
				CLANG_ANALYZER_NUMBER_OBJECT_CONVERSION = YES_AGGRESSIVE;
				CLANG_CXX_LANGUAGE_STANDARD = "gnu++20";
				CLANG_ENABLE_MODULES = YES;
				CLANG_ENABLE_OBJC_ARC = YES;
				CLANG_ENABLE_OBJC_WEAK = YES;
				CLANG_WARN_BLOCK_CAPTURE_AUTORELEASING = YES;
				CLANG_WARN_BOOL_CONVERSION = YES;
				CLANG_WARN_COMMA = YES;
				CLANG_WARN_CONSTANT_CONVERSION = YES;
				CLANG_WARN_DEPRECATED_OBJC_IMPLEMENTATIONS = YES;
				CLANG_WARN_DIRECT_OBJC_ISA_USAGE = YES_ERROR;
				CLANG_WARN_DOCUMENTATION_COMMENTS = YES;
				CLANG_WARN_EMPTY_BODY = YES;
				CLANG_WARN_ENUM_CONVERSION = YES;
				CLANG_WARN_INFINITE_RECURSION = YES;
				CLANG_WARN_INT_CONVERSION = YES;
				CLANG_WARN_NON_LITERAL_NULL_CONVERSION = YES;
				CLANG_WARN_OBJC_IMPLICIT_RETAIN_SELF = YES;
				CLANG_WARN_OBJC_LITERAL_CONVERSION = YES;
				CLANG_WARN_OBJC_ROOT_CLASS = YES_ERROR;
				CLANG_WARN_QUOTED_INCLUDE_IN_FRAMEWORK_HEADER = YES;
				CLANG_WARN_RANGE_LOOP_ANALYSIS = YES;
				CLANG_WARN_STRICT_PROTOTYPES = YES;
				CLANG_WARN_SUSPICIOUS_MOVE = YES;
				CLANG_WARN_UNGUARDED_AVAILABILITY = YES_AGGRESSIVE;
				CLANG_WARN_UNREACHABLE_CODE = YES;
				CLANG_WARN__DUPLICATE_METHOD_MATCH = YES;
				COPY_PHASE_STRIP = NO;
				DEBUG_INFORMATION_FORMAT = dwarf;
				ENABLE_STRICT_OBJC_MSGSEND = YES;
				ENABLE_TESTABILITY = YES;
				GCC_C_LANGUAGE_STANDARD = gnu11;
				GCC_DYNAMIC_NO_PIC = NO;
				GCC_NO_COMMON_BLOCKS = YES;
				GCC_OPTIMIZATION_LEVEL = 0;
				GCC_PREPROCESSOR_DEFINITIONS = (
					"DEBUG=1",
					"$(inherited)",
				);
				GCC_WARN_64_TO_32_BIT_CONVERSION = YES;
				GCC_WARN_ABOUT_RETURN_TYPE = YES_ERROR;
				GCC_WARN_UNDECLARED_SELECTOR = YES;
				GCC_WARN_UNINITIALIZED_AUTOS = YES_AGGRESSIVE;
				GCC_WARN_UNUSED_FUNCTION = YES;
				GCC_WARN_UNUSED_VARIABLE = YES;
				MTL_ENABLE_DEBUG_INFO = INCLUDE_SOURCE;
				MTL_FAST_MATH = YES;
				ONLY_ACTIVE_ARCH = YES;
				SDKROOT = iphoneos;
				SWIFT_ACTIVE_COMPILATION_CONDITIONS = DEBUG;
				SWIFT_OPTIMIZATION_LEVEL = "-Onone";
			};
			name = Debug;
		};
		86E8D8942BED6DE20074F18E /* Release */ = {
			isa = XCBuildConfiguration;
			buildSettings = {
				ALWAYS_SEARCH_USER_PATHS = NO;
				CLANG_ANALYZER_NONNULL = YES;
				CLANG_ANALYZER_NUMBER_OBJECT_CONVERSION = YES_AGGRESSIVE;
				CLANG_CXX_LANGUAGE_STANDARD = "gnu++20";
				CLANG_ENABLE_MODULES = YES;
				CLANG_ENABLE_OBJC_ARC = YES;
				CLANG_ENABLE_OBJC_WEAK = YES;
				CLANG_WARN_BLOCK_CAPTURE_AUTORELEASING = YES;
				CLANG_WARN_BOOL_CONVERSION = YES;
				CLANG_WARN_COMMA = YES;
				CLANG_WARN_CONSTANT_CONVERSION = YES;
				CLANG_WARN_DEPRECATED_OBJC_IMPLEMENTATIONS = YES;
				CLANG_WARN_DIRECT_OBJC_ISA_USAGE = YES_ERROR;
				CLANG_WARN_DOCUMENTATION_COMMENTS = YES;
				CLANG_WARN_EMPTY_BODY = YES;
				CLANG_WARN_ENUM_CONVERSION = YES;
				CLANG_WARN_INFINITE_RECURSION = YES;
				CLANG_WARN_INT_CONVERSION = YES;
				CLANG_WARN_NON_LITERAL_NULL_CONVERSION = YES;
				CLANG_WARN_OBJC_IMPLICIT_RETAIN_SELF = YES;
				CLANG_WARN_OBJC_LITERAL_CONVERSION = YES;
				CLANG_WARN_OBJC_ROOT_CLASS = YES_ERROR;
				CLANG_WARN_QUOTED_INCLUDE_IN_FRAMEWORK_HEADER = YES;
				CLANG_WARN_RANGE_LOOP_ANALYSIS = YES;
				CLANG_WARN_STRICT_PROTOTYPES = YES;
				CLANG_WARN_SUSPICIOUS_MOVE = YES;
				CLANG_WARN_UNGUARDED_AVAILABILITY = YES_AGGRESSIVE;
				CLANG_WARN_UNREACHABLE_CODE = YES;
				CLANG_WARN__DUPLICATE_METHOD_MATCH = YES;
				COPY_PHASE_STRIP = NO;
				DEBUG_INFORMATION_FORMAT = "dwarf-with-dsym";
				ENABLE_NS_ASSERTIONS = NO;
				ENABLE_STRICT_OBJC_MSGSEND = YES;
				GCC_C_LANGUAGE_STANDARD = gnu11;
				GCC_NO_COMMON_BLOCKS = YES;
				GCC_WARN_64_TO_32_BIT_CONVERSION = YES;
				GCC_WARN_ABOUT_RETURN_TYPE = YES_ERROR;
				GCC_WARN_UNDECLARED_SELECTOR = YES;
				GCC_WARN_UNINITIALIZED_AUTOS = YES_AGGRESSIVE;
				GCC_WARN_UNUSED_FUNCTION = YES;
				GCC_WARN_UNUSED_VARIABLE = YES;
				MTL_ENABLE_DEBUG_INFO = NO;
				MTL_FAST_MATH = YES;
				SDKROOT = iphoneos;
				SWIFT_COMPILATION_MODE = wholemodule;
				SWIFT_OPTIMIZATION_LEVEL = "-O";
			};
			name = Release;
		};
		86E8D8962BED6DE20074F18E /* Debug */ = {
			isa = XCBuildConfiguration;
			buildSettings = {
				ASSETCATALOG_COMPILER_APPICON_NAME = AppIcon;
				ASSETCATALOG_COMPILER_GLOBAL_ACCENT_COLOR_NAME = AccentColor;
				CODE_SIGN_ENTITLEMENTS = "Sober Since/Sober_Since.entitlements";
				CODE_SIGN_STYLE = Automatic;
				CURRENT_PROJECT_VERSION = 1.2;
				DEVELOPMENT_ASSET_PATHS = "\"Sober Since/Preview Content\"";
				DEVELOPMENT_TEAM = A55QUN26SU;
				ENABLE_PREVIEWS = YES;
				GENERATE_INFOPLIST_FILE = YES;
				INFOPLIST_KEY_CFBundleDisplayName = "Sober SInce";
				INFOPLIST_KEY_LSApplicationCategoryType = "public.app-category.utilities";
				"INFOPLIST_KEY_UIApplicationSceneManifest_Generation[sdk=iphoneos*]" = YES;
				"INFOPLIST_KEY_UIApplicationSceneManifest_Generation[sdk=iphonesimulator*]" = YES;
				"INFOPLIST_KEY_UIApplicationSupportsIndirectInputEvents[sdk=iphoneos*]" = YES;
				"INFOPLIST_KEY_UIApplicationSupportsIndirectInputEvents[sdk=iphonesimulator*]" = YES;
				"INFOPLIST_KEY_UILaunchScreen_Generation[sdk=iphoneos*]" = YES;
				"INFOPLIST_KEY_UILaunchScreen_Generation[sdk=iphonesimulator*]" = YES;
				"INFOPLIST_KEY_UIStatusBarStyle[sdk=iphoneos*]" = UIStatusBarStyleDefault;
				"INFOPLIST_KEY_UIStatusBarStyle[sdk=iphonesimulator*]" = UIStatusBarStyleDefault;
				INFOPLIST_KEY_UISupportedInterfaceOrientations = UIInterfaceOrientationPortrait;
				INFOPLIST_KEY_UISupportedInterfaceOrientations_iPad = "UIInterfaceOrientationLandscapeLeft UIInterfaceOrientationLandscapeRight UIInterfaceOrientationPortrait UIInterfaceOrientationPortraitUpsideDown";
				IPHONEOS_DEPLOYMENT_TARGET = 16.4;
				LD_RUNPATH_SEARCH_PATHS = "@executable_path/Frameworks";
				"LD_RUNPATH_SEARCH_PATHS[sdk=macosx*]" = "@executable_path/../Frameworks";
				MACOSX_DEPLOYMENT_TARGET = 13.3;
				MARKETING_VERSION = 1.2;
				PRODUCT_BUNDLE_IDENTIFIER = "twizy.Sober-Since";
				PRODUCT_NAME = "$(TARGET_NAME)";
				SDKROOT = iphoneos;
				SUPPORTED_PLATFORMS = "iphoneos iphonesimulator";
				SUPPORTS_MACCATALYST = NO;
				SUPPORTS_MAC_DESIGNED_FOR_IPHONE_IPAD = NO;
				SWIFT_EMIT_LOC_STRINGS = YES;
				SWIFT_VERSION = 5.0;
				TARGETED_DEVICE_FAMILY = 1;
				VERSIONING_SYSTEM = "apple-generic";
			};
			name = Debug;
		};
		86E8D8972BED6DE20074F18E /* Release */ = {
			isa = XCBuildConfiguration;
			buildSettings = {
				ASSETCATALOG_COMPILER_APPICON_NAME = AppIcon;
				ASSETCATALOG_COMPILER_GLOBAL_ACCENT_COLOR_NAME = AccentColor;
				CODE_SIGN_ENTITLEMENTS = "Sober Since/Sober_Since.entitlements";
				CODE_SIGN_STYLE = Automatic;
				CURRENT_PROJECT_VERSION = 1.2;
				DEVELOPMENT_ASSET_PATHS = "\"Sober Since/Preview Content\"";
				DEVELOPMENT_TEAM = A55QUN26SU;
				ENABLE_PREVIEWS = YES;
				GENERATE_INFOPLIST_FILE = YES;
				INFOPLIST_KEY_CFBundleDisplayName = "Sober SInce";
				INFOPLIST_KEY_LSApplicationCategoryType = "public.app-category.utilities";
				"INFOPLIST_KEY_UIApplicationSceneManifest_Generation[sdk=iphoneos*]" = YES;
				"INFOPLIST_KEY_UIApplicationSceneManifest_Generation[sdk=iphonesimulator*]" = YES;
				"INFOPLIST_KEY_UIApplicationSupportsIndirectInputEvents[sdk=iphoneos*]" = YES;
				"INFOPLIST_KEY_UIApplicationSupportsIndirectInputEvents[sdk=iphonesimulator*]" = YES;
				"INFOPLIST_KEY_UILaunchScreen_Generation[sdk=iphoneos*]" = YES;
				"INFOPLIST_KEY_UILaunchScreen_Generation[sdk=iphonesimulator*]" = YES;
				"INFOPLIST_KEY_UIStatusBarStyle[sdk=iphoneos*]" = UIStatusBarStyleDefault;
				"INFOPLIST_KEY_UIStatusBarStyle[sdk=iphonesimulator*]" = UIStatusBarStyleDefault;
				INFOPLIST_KEY_UISupportedInterfaceOrientations = UIInterfaceOrientationPortrait;
				INFOPLIST_KEY_UISupportedInterfaceOrientations_iPad = "UIInterfaceOrientationLandscapeLeft UIInterfaceOrientationLandscapeRight UIInterfaceOrientationPortrait UIInterfaceOrientationPortraitUpsideDown";
				IPHONEOS_DEPLOYMENT_TARGET = 16.4;
				LD_RUNPATH_SEARCH_PATHS = "@executable_path/Frameworks";
				"LD_RUNPATH_SEARCH_PATHS[sdk=macosx*]" = "@executable_path/../Frameworks";
				MACOSX_DEPLOYMENT_TARGET = 13.3;
				MARKETING_VERSION = 1.2;
				PRODUCT_BUNDLE_IDENTIFIER = "twizy.Sober-Since";
				PRODUCT_NAME = "$(TARGET_NAME)";
				SDKROOT = iphoneos;
				SUPPORTED_PLATFORMS = "iphoneos iphonesimulator";
				SUPPORTS_MACCATALYST = NO;
				SUPPORTS_MAC_DESIGNED_FOR_IPHONE_IPAD = NO;
				SWIFT_EMIT_LOC_STRINGS = YES;
				SWIFT_VERSION = 5.0;
				TARGETED_DEVICE_FAMILY = 1;
				VERSIONING_SYSTEM = "apple-generic";
			};
			name = Release;
		};
		86E8D8992BED6DE20074F18E /* Debug */ = {
			isa = XCBuildConfiguration;
			buildSettings = {
				ALWAYS_EMBED_SWIFT_STANDARD_LIBRARIES = YES;
				BUNDLE_LOADER = "$(TEST_HOST)";
				CODE_SIGN_STYLE = Automatic;
				CURRENT_PROJECT_VERSION = 1;
				GENERATE_INFOPLIST_FILE = YES;
				IPHONEOS_DEPLOYMENT_TARGET = 16.4;
				MACOSX_DEPLOYMENT_TARGET = 13.3;
				MARKETING_VERSION = 1.0;
				PRODUCT_BUNDLE_IDENTIFIER = "twizy.Sober-SinceTests";
				PRODUCT_NAME = "$(TARGET_NAME)";
				SDKROOT = auto;
				SUPPORTED_PLATFORMS = "iphoneos iphonesimulator macosx";
				SWIFT_EMIT_LOC_STRINGS = NO;
				SWIFT_VERSION = 5.0;
				TARGETED_DEVICE_FAMILY = "1,2";
				TEST_HOST = "$(BUILT_PRODUCTS_DIR)/Sober Since.app/$(BUNDLE_EXECUTABLE_FOLDER_PATH)/Sober Since";
			};
			name = Debug;
		};
		86E8D89A2BED6DE20074F18E /* Release */ = {
			isa = XCBuildConfiguration;
			buildSettings = {
				ALWAYS_EMBED_SWIFT_STANDARD_LIBRARIES = YES;
				BUNDLE_LOADER = "$(TEST_HOST)";
				CODE_SIGN_STYLE = Automatic;
				CURRENT_PROJECT_VERSION = 1;
				GENERATE_INFOPLIST_FILE = YES;
				IPHONEOS_DEPLOYMENT_TARGET = 16.4;
				MACOSX_DEPLOYMENT_TARGET = 13.3;
				MARKETING_VERSION = 1.0;
				PRODUCT_BUNDLE_IDENTIFIER = "twizy.Sober-SinceTests";
				PRODUCT_NAME = "$(TARGET_NAME)";
				SDKROOT = auto;
				SUPPORTED_PLATFORMS = "iphoneos iphonesimulator macosx";
				SWIFT_EMIT_LOC_STRINGS = NO;
				SWIFT_VERSION = 5.0;
				TARGETED_DEVICE_FAMILY = "1,2";
				TEST_HOST = "$(BUILT_PRODUCTS_DIR)/Sober Since.app/$(BUNDLE_EXECUTABLE_FOLDER_PATH)/Sober Since";
			};
			name = Release;
		};
		86E8D89C2BED6DE20074F18E /* Debug */ = {
			isa = XCBuildConfiguration;
			buildSettings = {
				ALWAYS_EMBED_SWIFT_STANDARD_LIBRARIES = YES;
				CODE_SIGN_STYLE = Automatic;
				CURRENT_PROJECT_VERSION = 1;
				GENERATE_INFOPLIST_FILE = YES;
				IPHONEOS_DEPLOYMENT_TARGET = 16.4;
				MACOSX_DEPLOYMENT_TARGET = 13.3;
				MARKETING_VERSION = 1.0;
				PRODUCT_BUNDLE_IDENTIFIER = "twizy.Sober-SinceUITests";
				PRODUCT_NAME = "$(TARGET_NAME)";
				SDKROOT = auto;
				SUPPORTED_PLATFORMS = "iphoneos iphonesimulator macosx";
				SWIFT_EMIT_LOC_STRINGS = NO;
				SWIFT_VERSION = 5.0;
				TARGETED_DEVICE_FAMILY = "1,2";
				TEST_TARGET_NAME = "Sober Since";
			};
			name = Debug;
		};
		86E8D89D2BED6DE20074F18E /* Release */ = {
			isa = XCBuildConfiguration;
			buildSettings = {
				ALWAYS_EMBED_SWIFT_STANDARD_LIBRARIES = YES;
				CODE_SIGN_STYLE = Automatic;
				CURRENT_PROJECT_VERSION = 1;
				GENERATE_INFOPLIST_FILE = YES;
				IPHONEOS_DEPLOYMENT_TARGET = 16.4;
				MACOSX_DEPLOYMENT_TARGET = 13.3;
				MARKETING_VERSION = 1.0;
				PRODUCT_BUNDLE_IDENTIFIER = "twizy.Sober-SinceUITests";
				PRODUCT_NAME = "$(TARGET_NAME)";
				SDKROOT = auto;
				SUPPORTED_PLATFORMS = "iphoneos iphonesimulator macosx";
				SWIFT_EMIT_LOC_STRINGS = NO;
				SWIFT_VERSION = 5.0;
				TARGETED_DEVICE_FAMILY = "1,2";
				TEST_TARGET_NAME = "Sober Since";
			};
			name = Release;
		};
/* End XCBuildConfiguration section */

/* Begin XCConfigurationList section */
		86E8D86B2BED6DE00074F18E /* Build configuration list for PBXProject "Sober Since" */ = {
			isa = XCConfigurationList;
			buildConfigurations = (
				86E8D8932BED6DE20074F18E /* Debug */,
				86E8D8942BED6DE20074F18E /* Release */,
			);
			defaultConfigurationIsVisible = 0;
			defaultConfigurationName = Release;
		};
		86E8D8952BED6DE20074F18E /* Build configuration list for PBXNativeTarget "Sober Since" */ = {
			isa = XCConfigurationList;
			buildConfigurations = (
				86E8D8962BED6DE20074F18E /* Debug */,
				86E8D8972BED6DE20074F18E /* Release */,
			);
			defaultConfigurationIsVisible = 0;
			defaultConfigurationName = Release;
		};
		86E8D8982BED6DE20074F18E /* Build configuration list for PBXNativeTarget "Sober SinceTests" */ = {
			isa = XCConfigurationList;
			buildConfigurations = (
				86E8D8992BED6DE20074F18E /* Debug */,
				86E8D89A2BED6DE20074F18E /* Release */,
			);
			defaultConfigurationIsVisible = 0;
			defaultConfigurationName = Release;
		};
		86E8D89B2BED6DE20074F18E /* Build configuration list for PBXNativeTarget "Sober SinceUITests" */ = {
			isa = XCConfigurationList;
			buildConfigurations = (
				86E8D89C2BED6DE20074F18E /* Debug */,
				86E8D89D2BED6DE20074F18E /* Release */,
			);
			defaultConfigurationIsVisible = 0;
			defaultConfigurationName = Release;
		};
/* End XCConfigurationList section */
	};
	rootObject = 86E8D8682BED6DE00074F18E /* Project object */;
}
